{
  "name": "tigger-tcp-nng",
  "version": "1.0.0",
  "lockfileVersion": 1,
  "requires": true,
  "dependencies": {
    "@types/nanomsg": {
      "version": "3.2.3",
      "resolved": "https://registry.nlark.com/@types/nanomsg/download/@types/nanomsg-3.2.3.tgz",
      "integrity": "sha1-4crpIIKePKtNMURVDJmwWHT/acA=",
      "dev": true,
      "requires": {
        "@types/node": "*"
      }
    },
    "@types/node": {
      "version": "16.11.6",
      "resolved": "https://registry.npmmirror.com/@types/node/download/@types/node-16.11.6.tgz?cache=0&sync_timestamp=1635213413252&other_urls=https%3A%2F%2Fregistry.npmmirror.com%2F%40types%2Fnode%2Fdownload%2F%40types%2Fnode-16.11.6.tgz",
      "integrity": "sha1-a+96KgrWhM9ukPz+Mc7KvZzgo64=",
      "dev": true
    },
    "arg": {
      "version": "5.0.1",
      "resolved": "https://registry.nlark.com/arg/download/arg-5.0.1.tgz?cache=0&sync_timestamp=1629166537485&other_urls=https%3A%2F%2Fregistry.nlark.com%2Farg%2Fdownload%2Farg-5.0.1.tgz",
      "integrity": "sha1-6wyaj3d4bK0q+P8rhiiZhC17ats="
    },
    "bindings": {
      "version": "1.2.1",
      "resolved": "https://registry.npm.taobao.org/bindings/download/bindings-1.2.1.tgz",
      "integrity": "sha1-FK1hE4EtLTfXLme0ystLtyZQXxE="
    },
    "nan": {
      "version": "2.14.0",
      "resolved": "https://registry.nlark.com/nan/download/nan-2.14.0.tgz?cache=0&other_urls=https%3A%2F%2Fregistry.nlark.com%2Fnan%2Fdownload%2Fnan-2.14.0.tgz",
      "integrity": "sha1-eBj3IgJ7JFmobwKV1DTR/CM2xSw="
    },
    "nanomsg": {
      "version": "4.1.0",
      "resolved": "https://registry.npmmirror.com/nanomsg/download/nanomsg-4.1.0.tgz",
      "integrity": "sha1-rV75yaUHhabGBJEiJ4PaNlviVxQ=",
      "requires": {
        "bindings": "1.2.1",
        "nan": "2.14.0"
      }
    },
    "typescript": {
      "version": "4.4.4",
      "resolved": "https://registry.npmmirror.com/typescript/download/typescript-4.4.4.tgz",
      "integrity": "sha1-LNAaGh8WBwTTEB/VpY/w+fy4Aww=",
      "dev": true
    }
  }
}
